
Microsoft Visual Studio Solution File, Format Version 12.00
Project("{FAE04EC0-301F-11D3-BF4B-00C04F79EFBC}") = "FamilyTrackerAPI.Core", "FamilyTrackerAPI.Core\FamilyTrackerAPI.Core.csproj", "{C69C63B2-223C-4488-ABE2-9583A48C4B25}"
EndProject
Project("{2150E333-8FDC-42A3-9474-1A3956D46DE8}") = "Core", "Core", "{8E904607-CA52-45DA-9DFF-C1929E2E4DA4}"
EndProject
Project("{FAE04EC0-301F-11D3-BF4B-00C04F79EFBC}") = "FamilyTrackerAPI.Domain", "FamilyTrackerAPI.Domain\FamilyTrackerAPI.Domain.csproj", "{B6BB04FB-2564-4DF1-8724-D2AD6E901501}"
EndProject
Project("{2150E333-8FDC-42A3-9474-1A3956D46DE8}") = "Infrastructure", "Infrastructure", "{4082A73A-0F8F-4D56-BD7A-EED20B5526E3}"
EndProject
Project("{2150E333-8FDC-42A3-9474-1A3956D46DE8}") = "UI", "UI", "{5B83EA49-B4A3-468E-9789-D3E1CF38ABE6}"
EndProject
Project("{FAE04EC0-301F-11D3-BF4B-00C04F79EFBC}") = "FamilyTrackerAPI.WepApi", "FamilyTrackerAPI.WepApi\FamilyTrackerAPI.WepApi.csproj", "{5174B72E-06AF-4A38-B5DF-A6BB85F06B0F}"
EndProject
Project("{FAE04EC0-301F-11D3-BF4B-00C04F79EFBC}") = "FamilyTrackerAPI.MongoDB", "FamilyTrackerAPI.MongoDB\FamilyTrackerAPI.MongoDB.csproj", "{5C959E01-0162-4F00-88CD-B9F42D73A490}"
EndProject
Global
	GlobalSection(SolutionConfigurationPlatforms) = preSolution
		Debug|Any CPU = Debug|Any CPU
		Release|Any CPU = Release|Any CPU
	EndGlobalSection
	GlobalSection(ProjectConfigurationPlatforms) = postSolution
		{C69C63B2-223C-4488-ABE2-9583A48C4B25}.Debug|Any CPU.ActiveCfg = Debug|Any CPU
		{C69C63B2-223C-4488-ABE2-9583A48C4B25}.Debug|Any CPU.Build.0 = Debug|Any CPU
		{C69C63B2-223C-4488-ABE2-9583A48C4B25}.Release|Any CPU.ActiveCfg = Release|Any CPU
		{C69C63B2-223C-4488-ABE2-9583A48C4B25}.Release|Any CPU.Build.0 = Release|Any CPU
		{B6BB04FB-2564-4DF1-8724-D2AD6E901501}.Debug|Any CPU.ActiveCfg = Debug|Any CPU
		{B6BB04FB-2564-4DF1-8724-D2AD6E901501}.Debug|Any CPU.Build.0 = Debug|Any CPU
		{B6BB04FB-2564-4DF1-8724-D2AD6E901501}.Release|Any CPU.ActiveCfg = Release|Any CPU
		{B6BB04FB-2564-4DF1-8724-D2AD6E901501}.Release|Any CPU.Build.0 = Release|Any CPU
		{5174B72E-06AF-4A38-B5DF-A6BB85F06B0F}.Debug|Any CPU.ActiveCfg = Debug|Any CPU
		{5174B72E-06AF-4A38-B5DF-A6BB85F06B0F}.Debug|Any CPU.Build.0 = Debug|Any CPU
		{5174B72E-06AF-4A38-B5DF-A6BB85F06B0F}.Release|Any CPU.ActiveCfg = Release|Any CPU
		{5174B72E-06AF-4A38-B5DF-A6BB85F06B0F}.Release|Any CPU.Build.0 = Release|Any CPU
		{5C959E01-0162-4F00-88CD-B9F42D73A490}.Debug|Any CPU.ActiveCfg = Debug|Any CPU
		{5C959E01-0162-4F00-88CD-B9F42D73A490}.Debug|Any CPU.Build.0 = Debug|Any CPU
		{5C959E01-0162-4F00-88CD-B9F42D73A490}.Release|Any CPU.ActiveCfg = Release|Any CPU
		{5C959E01-0162-4F00-88CD-B9F42D73A490}.Release|Any CPU.Build.0 = Release|Any CPU
	EndGlobalSection
	GlobalSection(NestedProjects) = preSolution
		{C69C63B2-223C-4488-ABE2-9583A48C4B25} = {8E904607-CA52-45DA-9DFF-C1929E2E4DA4}
		{B6BB04FB-2564-4DF1-8724-D2AD6E901501} = {8E904607-CA52-45DA-9DFF-C1929E2E4DA4}
		{5174B72E-06AF-4A38-B5DF-A6BB85F06B0F} = {5B83EA49-B4A3-468E-9789-D3E1CF38ABE6}
		{5C959E01-0162-4F00-88CD-B9F42D73A490} = {4082A73A-0F8F-4D56-BD7A-EED20B5526E3}
	EndGlobalSection
EndGlobal
